
Microsoft Visual Studio Solution File, Format Version 12.00
# Visual Studio 14
VisualStudioVersion = 14.0.24720.0
MinimumVisualStudioVersion = 10.0.40219.1
Project("{FAE04EC0-301F-11D3-BF4B-00C04F79EFBC}") = "Trafficlight_Sudarkin", "Trafficlight_Sudarkin\Trafficlight_Sudarkin.csproj", "{B56ABB56-0190-43CB-A64B-8C8B8A68BA1F}"
EndProject
Global
	GlobalSection(SolutionConfigurationPlatforms) = preSolution
		Debug|Any CPU = Debug|Any CPU
		Release|Any CPU = Release|Any CPU
	EndGlobalSection
	GlobalSection(ProjectConfigurationPlatforms) = postSolution
		{B56ABB56-0190-43CB-A64B-8C8B8A68BA1F}.Debug|Any CPU.ActiveCfg = Debug|Any CPU
		{B56ABB56-0190-43CB-A64B-8C8B8A68BA1F}.Debug|Any CPU.Build.0 = Debug|Any CPU
		{B56ABB56-0190-43CB-A64B-8C8B8A68BA1F}.Release|Any CPU.ActiveCfg = Release|Any CPU
		{B56ABB56-0190-43CB-A64B-8C8B8A68BA1F}.Release|Any CPU.Build.0 = Release|Any CPU
	EndGlobalSection
	GlobalSection(SolutionProperties) = preSolution
		HideSolutionNode = FALSE
	EndGlobalSection
EndGlobal
